<Solution>
  <Folder Name="/方案項目/">
    <File Path=".env" />
    <File Path="docker-compose.yml" />
    <File Path="mongo-init.js" />
  </Folder>
  <Project Path="MediaNest.Anvil/MediaNest.Anvil.csproj" />
  <Project Path="MediaNest.Shared/MediaNest.Shared.csproj" />
  <Project Path="MediaNest.Web/MediaNest.Web.csproj" />
</Solution>
